github.com/AgoraIO/Tools v1.0.0/go.mod h1:EvYt0nxrZyavXHf4tC1RkXdCDgJlJ2WZpXzDjYLxshc=
github.com/AgoraIO/Tools v1.0.0/go.sum h1:4aIaGgLs6qTgUiyGhU2ZzYnwB+FVRJKhQ5ODjaf3JtE=
github.com/AgoraIO/Tools v1.0.0 h1:ivdI7CjA8mh2tUogvT9w07YBrznZP6m5e4rJn0vSowY=
github.com/AgoraIO/Tools v1.0.0/go.mod h1:EvYt0nxrZyavXHf4tC1RkXdCDgJlJ2WZpXzDjYLxshc=
